
Microsoft Visual Studio Solution File, Format Version 12.00
# Visual Studio Version 16
VisualStudioVersion = 16.0.30907.101
MinimumVisualStudioVersion = 10.0.40219.1
Project("{FAE04EC0-301F-11D3-BF4B-00C04F79EFBC}") = "Tic-Tac-Toe", "Tic-Tac-Toe.csproj", "{133A23A3-A62C-4BE5-82C1-5F2BC1021406}"
EndProject
Global
	GlobalSection(SolutionConfigurationPlatforms) = preSolution
		Debug|Any CPU = Debug|Any CPU
		Release|Any CPU = Release|Any CPU
	EndGlobalSection
	GlobalSection(ProjectConfigurationPlatforms) = postSolution
		{133A23A3-A62C-4BE5-82C1-5F2BC1021406}.Debug|Any CPU.ActiveCfg = Debug|Any CPU
		{133A23A3-A62C-4BE5-82C1-5F2BC1021406}.Debug|Any CPU.Build.0 = Debug|Any CPU
		{133A23A3-A62C-4BE5-82C1-5F2BC1021406}.Release|Any CPU.ActiveCfg = Release|Any CPU
		{133A23A3-A62C-4BE5-82C1-5F2BC1021406}.Release|Any CPU.Build.0 = Release|Any CPU
	EndGlobalSection
	GlobalSection(SolutionProperties) = preSolution
		HideSolutionNode = FALSE
	EndGlobalSection
	GlobalSection(ExtensibilityGlobals) = postSolution
		SolutionGuid = {996037FF-3E83-4739-9FA9-BE4E4F2A9CA6}
	EndGlobalSection
EndGlobal
